
Microsoft Visual Studio Solution File, Format Version 12.00
# Visual Studio Version 16
VisualStudioVersion = 16.0.30413.136
MinimumVisualStudioVersion = 10.0.40219.1
Project("{FAE04EC0-301F-11D3-BF4B-00C04F79EFBC}") = "PalindromeChecker", "PalindomeChecker\PalindromeChecker.csproj", "{EF94E282-7EDC-44FD-AD4C-78DA8F5A8CE0}"
EndProject
Global
	GlobalSection(SolutionConfigurationPlatforms) = preSolution
		Debug|Any CPU = Debug|Any CPU
		Release|Any CPU = Release|Any CPU
	EndGlobalSection
	GlobalSection(ProjectConfigurationPlatforms) = postSolution
		{EF94E282-7EDC-44FD-AD4C-78DA8F5A8CE0}.Debug|Any CPU.ActiveCfg = Debug|Any CPU
		{EF94E282-7EDC-44FD-AD4C-78DA8F5A8CE0}.Debug|Any CPU.Build.0 = Debug|Any CPU
		{EF94E282-7EDC-44FD-AD4C-78DA8F5A8CE0}.Release|Any CPU.ActiveCfg = Release|Any CPU
		{EF94E282-7EDC-44FD-AD4C-78DA8F5A8CE0}.Release|Any CPU.Build.0 = Release|Any CPU
	EndGlobalSection
	GlobalSection(SolutionProperties) = preSolution
		HideSolutionNode = FALSE
	EndGlobalSection
	GlobalSection(ExtensibilityGlobals) = postSolution
		SolutionGuid = {5627A2E9-C9B6-444F-9394-0C20116FAB65}
	EndGlobalSection
EndGlobal
